
Microsoft Visual Studio Solution File, Format Version 12.00
# Visual Studio Version 16
VisualStudioVersion = 16.0.30225.117
MinimumVisualStudioVersion = 10.0.40219.1
Project("{9A19103F-16F7-4668-BE54-9A1E7A4F7556}") = "LeetCode", "LeetCode.csproj", "{30823507-1AC8-4236-A027-832D583106DD}"
EndProject
Global
	GlobalSection(SolutionConfigurationPlatforms) = preSolution
		Debug|Any CPU = Debug|Any CPU
		Release|Any CPU = Release|Any CPU
	EndGlobalSection
	GlobalSection(ProjectConfigurationPlatforms) = postSolution
		{30823507-1AC8-4236-A027-832D583106DD}.Debug|Any CPU.ActiveCfg = Debug|Any CPU
		{30823507-1AC8-4236-A027-832D583106DD}.Debug|Any CPU.Build.0 = Debug|Any CPU
		{30823507-1AC8-4236-A027-832D583106DD}.Release|Any CPU.ActiveCfg = Release|Any CPU
		{30823507-1AC8-4236-A027-832D583106DD}.Release|Any CPU.Build.0 = Release|Any CPU
	EndGlobalSection
	GlobalSection(SolutionProperties) = preSolution
		HideSolutionNode = FALSE
	EndGlobalSection
	GlobalSection(ExtensibilityGlobals) = postSolution
		SolutionGuid = {9B75862E-7504-48B9-BF2E-4CF0E4E6DD87}
	EndGlobalSection
EndGlobal
